
Microsoft Visual Studio Solution File, Format Version 12.00
# Visual Studio Version 16
VisualStudioVersion = 16.0.29519.181
MinimumVisualStudioVersion = 10.0.40219.1
Project("{FAE04EC0-301F-11D3-BF4B-00C04F79EFBC}") = "MyContacts", "MyContacts\MyContacts.csproj", "{C5040EDB-D1D8-4FF8-89F4-FFB4FED4F31D}"
EndProject
Global
	GlobalSection(SolutionConfigurationPlatforms) = preSolution
		Debug|Any CPU = Debug|Any CPU
		Release|Any CPU = Release|Any CPU
	EndGlobalSection
	GlobalSection(ProjectConfigurationPlatforms) = postSolution
		{C5040EDB-D1D8-4FF8-89F4-FFB4FED4F31D}.Debug|Any CPU.ActiveCfg = Debug|Any CPU
		{C5040EDB-D1D8-4FF8-89F4-FFB4FED4F31D}.Debug|Any CPU.Build.0 = Debug|Any CPU
		{C5040EDB-D1D8-4FF8-89F4-FFB4FED4F31D}.Release|Any CPU.ActiveCfg = Release|Any CPU
		{C5040EDB-D1D8-4FF8-89F4-FFB4FED4F31D}.Release|Any CPU.Build.0 = Release|Any CPU
	EndGlobalSection
	GlobalSection(SolutionProperties) = preSolution
		HideSolutionNode = FALSE
	EndGlobalSection
	GlobalSection(ExtensibilityGlobals) = postSolution
		SolutionGuid = {B6786B96-435F-4AAB-982A-9F1CA83E1CAF}
	EndGlobalSection
EndGlobal
